{
    "name": "s-try",
    "version": "1.0.0",
    "lockfileVersion": 3,
    "requires": true,
    "packages": {
        "": {
            "name": "s-try",
            "version": "1.0.0",
            "license": "ISC",
            "dependencies": {
                "safe-try": "^0.0.4"
            }
        },
        "node_modules/safe-try": {
            "version": "0.0.4",
            "resolved": "https://registry.npmjs.org/safe-try/-/safe-try-0.0.4.tgz",
            "integrity": "sha512-EqquLK89x8buUJxfblmZTOh7Y+SFSRkYf4+KFK6Jm1HWGLgK7KdcXtd2Ua44FVaCIhkgTEsM28uXiVvwmSDj4A==",
            "license": "MIT"
        }
    }
}
